
Microsoft Visual Studio Solution File, Format Version 12.00
# Visual Studio 15
Project("{FAE04EC0-301F-11D3-BF4B-00C04F79EFBC}") = "Assembly-CSharp", "Assembly-CSharp.csproj", "{A6BA700A-4B04-F777-E2CB-713C8976DB85}"
EndProject
Project("{FAE04EC0-301F-11D3-BF4B-00C04F79EFBC}") = "Assembly-CSharp-Editor", "Assembly-CSharp-Editor.csproj", "{0361E8A4-1F1D-B82C-5C9E-849FDE2F6D25}"
EndProject
Global
	GlobalSection(SolutionConfigurationPlatforms) = preSolution
		Debug|Any CPU = Debug|Any CPU
		Release|Any CPU = Release|Any CPU
	EndGlobalSection
	GlobalSection(ProjectConfigurationPlatforms) = postSolution
		{A6BA700A-4B04-F777-E2CB-713C8976DB85}.Debug|Any CPU.ActiveCfg = Debug|Any CPU
		{A6BA700A-4B04-F777-E2CB-713C8976DB85}.Debug|Any CPU.Build.0 = Debug|Any CPU
		{A6BA700A-4B04-F777-E2CB-713C8976DB85}.Release|Any CPU.ActiveCfg = Release|Any CPU
		{A6BA700A-4B04-F777-E2CB-713C8976DB85}.Release|Any CPU.Build.0 = Release|Any CPU
		{0361E8A4-1F1D-B82C-5C9E-849FDE2F6D25}.Debug|Any CPU.ActiveCfg = Debug|Any CPU
		{0361E8A4-1F1D-B82C-5C9E-849FDE2F6D25}.Debug|Any CPU.Build.0 = Debug|Any CPU
		{0361E8A4-1F1D-B82C-5C9E-849FDE2F6D25}.Release|Any CPU.ActiveCfg = Release|Any CPU
		{0361E8A4-1F1D-B82C-5C9E-849FDE2F6D25}.Release|Any CPU.Build.0 = Release|Any CPU
	EndGlobalSection
	GlobalSection(SolutionProperties) = preSolution
		HideSolutionNode = FALSE
	EndGlobalSection
EndGlobal
